// !$*UTF8*$!
{
	archiveVersion = 1;
	classes = {
	};
	objectVersion = 50;
	objects = {

/* Begin PBXBuildFile section */
		6053C3A42499EF6500E3087D /* AppDelegate.m in Sources */ = {isa = PBXBuildFile; fileRef = 6053C3A32499EF6500E3087D /* AppDelegate.m */; };
		6053C3A72499EF6500E3087D /* SceneDelegate.m in Sources */ = {isa = PBXBuildFile; fileRef = 6053C3A62499EF6500E3087D /* SceneDelegate.m */; };
		6053C3AA2499EF6500E3087D /* ViewController.m in Sources */ = {isa = PBXBuildFile; fileRef = 6053C3A92499EF6500E3087D /* ViewController.m */; };
		6053C3AD2499EF6500E3087D /* Main.storyboard in Resources */ = {isa = PBXBuildFile; fileRef = 6053C3AB2499EF6500E3087D /* Main.storyboard */; };
		6053C3AF2499EF6900E3087D /* Assets.xcassets in Resources */ = {isa = PBXBuildFile; fileRef = 6053C3AE2499EF6900E3087D /* Assets.xcassets */; };
		6053C3B22499EF6900E3087D /* LaunchScreen.storyboard in Resources */ = {isa = PBXBuildFile; fileRef = 6053C3B02499EF6900E3087D /* LaunchScreen.storyboard */; };
		6053C3B52499EF6900E3087D /* main.m in Sources */ = {isa = PBXBuildFile; fileRef = 6053C3B42499EF6900E3087D /* main.m */; };
/* End PBXBuildFile section */

/* Begin PBXFileReference section */
		6053C39F2499EF6500E3087D /* block.app */ = {isa = PBXFileReference; explicitFileType = wrapper.application; includeInIndex = 0; path = block.app; sourceTree = BUILT_PRODUCTS_DIR; };
		6053C3A22499EF6500E3087D /* AppDelegate.h */ = {isa = PBXFileReference; lastKnownFileType = sourcecode.c.h; path = AppDelegate.h; sourceTree = "<group>"; };
		6053C3A32499EF6500E3087D /* AppDelegate.m */ = {isa = PBXFileReference; lastKnownFileType = sourcecode.c.objc; path = AppDelegate.m; sourceTree = "<group>"; };
		6053C3A52499EF6500E3087D /* SceneDelegate.h */ = {isa = PBXFileReference; lastKnownFileType = sourcecode.c.h; path = SceneDelegate.h; sourceTree = "<group>"; };
		6053C3A62499EF6500E3087D /* SceneDelegate.m */ = {isa = PBXFileReference; lastKnownFileType = sourcecode.c.objc; path = SceneDelegate.m; sourceTree = "<group>"; };
		6053C3A82499EF6500E3087D /* ViewController.h */ = {isa = PBXFileReference; lastKnownFileType = sourcecode.c.h; path = ViewController.h; sourceTree = "<group>"; };
		6053C3A92499EF6500E3087D /* ViewController.m */ = {isa = PBXFileReference; lastKnownFileType = sourcecode.c.objc; path = ViewController.m; sourceTree = "<group>"; };
		6053C3AC2499EF6500E3087D /* Base */ = {isa = PBXFileReference; lastKnownFileType = file.storyboard; name = Base; path = Base.lproj/Main.storyboard; sourceTree = "<group>"; };
		6053C3AE2499EF6900E3087D /* Assets.xcassets */ = {isa = PBXFileReference; lastKnownFileType = folder.assetcatalog; path = Assets.xcassets; sourceTree = "<group>"; };
		6053C3B12499EF6900E3087D /* Base */ = {isa = PBXFileReference; lastKnownFileType = file.storyboard; name = Base; path = Base.lproj/LaunchScreen.storyboard; sourceTree = "<group>"; };
		6053C3B32499EF6900E3087D /* Info.plist */ = {isa = PBXFileReference; lastKnownFileType = text.plist.xml; path = Info.plist; sourceTree = "<group>"; };
		6053C3B42499EF6900E3087D /* main.m */ = {isa = PBXFileReference; lastKnownFileType = sourcecode.c.objc; path = main.m; sourceTree = "<group>"; };
/* End PBXFileReference section */

/* Begin PBXFrameworksBuildPhase section */
		6053C39C2499EF6500E3087D /* Frameworks */ = {
			isa = PBXFrameworksBuildPhase;
			buildActionMask = 2147483647;
			files = (
			);
			runOnlyForDeploymentPostprocessing = 0;
		};
/* End PBXFrameworksBuildPhase section */

/* Begin PBXGroup section */
		6053C3962499EF6500E3087D = {
			isa = PBXGroup;
			children = (
				6053C3A12499EF6500E3087D /* block */,
				6053C3A02499EF6500E3087D /* Products */,
			);
			sourceTree = "<group>";
		};
		6053C3A02499EF6500E3087D /* Products */ = {
			isa = PBXGroup;
			children = (
				6053C39F2499EF6500E3087D /* block.app */,
			);
			name = Products;
			sourceTree = "<group>";
		};
		6053C3A12499EF6500E3087D /* block */ = {
			isa = PBXGroup;
			children = (
				6053C3A22499EF6500E3087D /* AppDelegate.h */,
				6053C3A32499EF6500E3087D /* AppDelegate.m */,
				6053C3A52499EF6500E3087D /* SceneDelegate.h */,
				6053C3A62499EF6500E3087D /* SceneDelegate.m */,
				6053C3A82499EF6500E3087D /* ViewController.h */,
				6053C3A92499EF6500E3087D /* ViewController.m */,
				6053C3AB2499EF6500E3087D /* Main.storyboard */,
				6053C3AE2499EF6900E3087D /* Assets.xcassets */,
				6053C3B02499EF6900E3087D /* LaunchScreen.storyboard */,
				6053C3B32499EF6900E3087D /* Info.plist */,
				6053C3B42499EF6900E3087D /* main.m */,
			);
			path = block;
			sourceTree = "<group>";
		};
/* End PBXGroup section */

/* Begin PBXNativeTarget section */
		6053C39E2499EF6500E3087D /* block */ = {
			isa = PBXNativeTarget;
			buildConfigurationList = 6053C3B82499EF6900E3087D /* Build configuration list for PBXNativeTarget "block" */;
			buildPhases = (
				6053C39B2499EF6500E3087D /* Sources */,
				6053C39C2499EF6500E3087D /* Frameworks */,
				6053C39D2499EF6500E3087D /* Resources */,
			);
			buildRules = (
			);
			dependencies = (
			);
			name = block;
			productName = block;
			productReference = 6053C39F2499EF6500E3087D /* block.app */;
			productType = "com.apple.product-type.application";
		};
/* End PBXNativeTarget section */

/* Begin PBXProject section */
		6053C3972499EF6500E3087D /* Project object */ = {
			isa = PBXProject;
			attributes = {
				LastUpgradeCheck = 1150;
				ORGANIZATIONNAME = kinken;
				TargetAttributes = {
					6053C39E2499EF6500E3087D = {
						CreatedOnToolsVersion = 11.5;
					};
				};
			};
			buildConfigurationList = 6053C39A2499EF6500E3087D /* Build configuration list for PBXProject "block" */;
			compatibilityVersion = "Xcode 9.3";
			developmentRegion = en;
			hasScannedForEncodings = 0;
			knownRegions = (
				en,
				Base,
			);
			mainGroup = 6053C3962499EF6500E3087D;
			productRefGroup = 6053C3A02499EF6500E3087D /* Products */;
			projectDirPath = "";
			projectRoot = "";
			targets = (
				6053C39E2499EF6500E3087D /* block */,
			);
		};
/* End PBXProject section */

/* Begin PBXResourcesBuildPhase section */
		6053C39D2499EF6500E3087D /* Resources */ = {
			isa = PBXResourcesBuildPhase;
			buildActionMask = 2147483647;
			files = (
				6053C3B22499EF6900E3087D /* LaunchScreen.storyboard in Resources */,
				6053C3AF2499EF6900E3087D /* Assets.xcassets in Resources */,
				6053C3AD2499EF6500E3087D /* Main.storyboard in Resources */,
			);
			runOnlyForDeploymentPostprocessing = 0;
		};
/* End PBXResourcesBuildPhase section */

/* Begin PBXSourcesBuildPhase section */
		6053C39B2499EF6500E3087D /* Sources */ = {
			isa = PBXSourcesBuildPhase;
			buildActionMask = 2147483647;
			files = (
				6053C3AA2499EF6500E3087D /* ViewController.m in Sources */,
				6053C3A42499EF6500E3087D /* AppDelegate.m in Sources */,
				6053C3B52499EF6900E3087D /* main.m in Sources */,
				6053C3A72499EF6500E3087D /* SceneDelegate.m in Sources */,
			);
			runOnlyForDeploymentPostprocessing = 0;
		};
/* End PBXSourcesBuildPhase section */

/* Begin PBXVariantGroup section */
		6053C3AB2499EF6500E3087D /* Main.storyboard */ = {
			isa = PBXVariantGroup;
			children = (
				6053C3AC2499EF6500E3087D /* Base */,
			);
			name = Main.storyboard;
			sourceTree = "<group>";
		};
		6053C3B02499EF6900E3087D /* LaunchScreen.storyboard */ = {
			isa = PBXVariantGroup;
			children = (
				6053C3B12499EF6900E3087D /* Base */,
			);
			name = LaunchScreen.storyboard;
			sourceTree = "<group>";
		};
/* End PBXVariantGroup section */

/* Begin XCBuildConfiguration section */
		6053C3B62499EF6900E3087D /* Debug */ = {
			isa = XCBuildConfiguration;
			buildSettings = {
				ALWAYS_SEARCH_USER_PATHS = NO;
				CLANG_ANALYZER_NONNULL = YES;
				CLANG_ANALYZER_NUMBER_OBJECT_CONVERSION = YES_AGGRESSIVE;
				CLANG_CXX_LANGUAGE_STANDARD = "gnu++14";
				CLANG_CXX_LIBRARY = "libc++";
				CLANG_ENABLE_MODULES = YES;
				CLANG_ENABLE_OBJC_ARC = YES;
				CLANG_ENABLE_OBJC_WEAK = YES;
				CLANG_WARN_BLOCK_CAPTURE_AUTORELEASING = YES;
				CLANG_WARN_BOOL_CONVERSION = YES;
				CLANG_WARN_COMMA = YES;
				CLANG_WARN_CONSTANT_CONVERSION = YES;
				CLANG_WARN_DEPRECATED_OBJC_IMPLEMENTATIONS = YES;
				CLANG_WARN_DIRECT_OBJC_ISA_USAGE = YES_ERROR;
				CLANG_WARN_DOCUMENTATION_COMMENTS = YES;
				CLANG_WARN_EMPTY_BODY = YES;
				CLANG_WARN_ENUM_CONVERSION = YES;
				CLANG_WARN_INFINITE_RECURSION = YES;
				CLANG_WARN_INT_CONVERSION = YES;
				CLANG_WARN_NON_LITERAL_NULL_CONVERSION = YES;
				CLANG_WARN_OBJC_IMPLICIT_RETAIN_SELF = YES;
				CLANG_WARN_OBJC_LITERAL_CONVERSION = YES;
				CLANG_WARN_OBJC_ROOT_CLASS = YES_ERROR;
				CLANG_WARN_RANGE_LOOP_ANALYSIS = YES;
				CLANG_WARN_STRICT_PROTOTYPES = YES;
				CLANG_WARN_SUSPICIOUS_MOVE = YES;
				CLANG_WARN_UNGUARDED_AVAILABILITY = YES_AGGRESSIVE;
				CLANG_WARN_UNREACHABLE_CODE = YES;
				CLANG_WARN__DUPLICATE_METHOD_MATCH = YES;
				COPY_PHASE_STRIP = NO;
				DEBUG_INFORMATION_FORMAT = dwarf;
				ENABLE_STRICT_OBJC_MSGSEND = YES;
				ENABLE_TESTABILITY = YES;
				GCC_C_LANGUAGE_STANDARD = gnu11;
				GCC_DYNAMIC_NO_PIC = NO;
				GCC_NO_COMMON_BLOCKS = YES;
				GCC_OPTIMIZATION_LEVEL = 0;
				GCC_PREPROCESSOR_DEFINITIONS = (
					"DEBUG=1",
					"$(inherited)",
				);
				GCC_WARN_64_TO_32_BIT_CONVERSION = YES;
				GCC_WARN_ABOUT_RETURN_TYPE = YES_ERROR;
				GCC_WARN_UNDECLARED_SELECTOR = YES;
				GCC_WARN_UNINITIALIZED_AUTOS = YES_AGGRESSIVE;
				GCC_WARN_UNUSED_FUNCTION = YES;
				GCC_WARN_UNUSED_VARIABLE = YES;
				IPHONEOS_DEPLOYMENT_TARGET = 13.5;
				MTL_ENABLE_DEBUG_INFO = INCLUDE_SOURCE;
				MTL_FAST_MATH = YES;
				ONLY_ACTIVE_ARCH = YES;
				SDKROOT = iphoneos;
			};
			name = Debug;
		};
		6053C3B72499EF6900E3087D /* Release */ = {
			isa = XCBuildConfiguration;
			buildSettings = {
				ALWAYS_SEARCH_USER_PATHS = NO;
				CLANG_ANALYZER_NONNULL = YES;
				CLANG_ANALYZER_NUMBER_OBJECT_CONVERSION = YES_AGGRESSIVE;
				CLANG_CXX_LANGUAGE_STANDARD = "gnu++14";
				CLANG_CXX_LIBRARY = "libc++";
				CLANG_ENABLE_MODULES = YES;
				CLANG_ENABLE_OBJC_ARC = YES;
				CLANG_ENABLE_OBJC_WEAK = YES;
				CLANG_WARN_BLOCK_CAPTURE_AUTORELEASING = YES;
				CLANG_WARN_BOOL_CONVERSION = YES;
				CLANG_WARN_COMMA = YES;
				CLANG_WARN_CONSTANT_CONVERSION = YES;
				CLANG_WARN_DEPRECATED_OBJC_IMPLEMENTATIONS = YES;
				CLANG_WARN_DIRECT_OBJC_ISA_USAGE = YES_ERROR;
				CLANG_WARN_DOCUMENTATION_COMMENTS = YES;
				CLANG_WARN_EMPTY_BODY = YES;
				CLANG_WARN_ENUM_CONVERSION = YES;
				CLANG_WARN_INFINITE_RECURSION = YES;
				CLANG_WARN_INT_CONVERSION = YES;
				CLANG_WARN_NON_LITERAL_NULL_CONVERSION = YES;
				CLANG_WARN_OBJC_IMPLICIT_RETAIN_SELF = YES;
				CLANG_WARN_OBJC_LITERAL_CONVERSION = YES;
				CLANG_WARN_OBJC_ROOT_CLASS = YES_ERROR;
				CLANG_WARN_RANGE_LOOP_ANALYSIS = YES;
				CLANG_WARN_STRICT_PROTOTYPES = YES;
				CLANG_WARN_SUSPICIOUS_MOVE = YES;
				CLANG_WARN_UNGUARDED_AVAILABILITY = YES_AGGRESSIVE;
				CLANG_WARN_UNREACHABLE_CODE = YES;
				CLANG_WARN__DUPLICATE_METHOD_MATCH = YES;
				COPY_PHASE_STRIP = NO;
				DEBUG_INFORMATION_FORMAT = "dwarf-with-dsym";
				ENABLE_NS_ASSERTIONS = NO;
				ENABLE_STRICT_OBJC_MSGSEND = YES;
				GCC_C_LANGUAGE_STANDARD = gnu11;
				GCC_NO_COMMON_BLOCKS = YES;
				GCC_WARN_64_TO_32_BIT_CONVERSION = YES;
				GCC_WARN_ABOUT_RETURN_TYPE = YES_ERROR;
				GCC_WARN_UNDECLARED_SELECTOR = YES;
				GCC_WARN_UNINITIALIZED_AUTOS = YES_AGGRESSIVE;
				GCC_WARN_UNUSED_FUNCTION = YES;
				GCC_WARN_UNUSED_VARIABLE = YES;
				IPHONEOS_DEPLOYMENT_TARGET = 13.5;
				MTL_ENABLE_DEBUG_INFO = NO;
				MTL_FAST_MATH = YES;
				SDKROOT = iphoneos;
				VALIDATE_PRODUCT = YES;
			};
			name = Release;
		};
		6053C3B92499EF6900E3087D /* Debug */ = {
			isa = XCBuildConfiguration;
			buildSettings = {
				ASSETCATALOG_COMPILER_APPICON_NAME = AppIcon;
				CLANG_ENABLE_OBJC_ARC = YES;
				CODE_SIGN_STYLE = Automatic;
				DEVELOPMENT_TEAM = 73CD6LSN38;
				INFOPLIST_FILE = block/Info.plist;
				LD_RUNPATH_SEARCH_PATHS = (
					"$(inherited)",
					"@executable_path/Frameworks",
				);
				PRODUCT_BUNDLE_IDENTIFIER = com.kinken.block;
				PRODUCT_NAME = "$(TARGET_NAME)";
				TARGETED_DEVICE_FAMILY = "1,2";
			};
			name = Debug;
		};
		6053C3BA2499EF6900E3087D /* Release */ = {
			isa = XCBuildConfiguration;
			buildSettings = {
				ASSETCATALOG_COMPILER_APPICON_NAME = AppIcon;
				CLANG_ENABLE_OBJC_ARC = YES;
				CODE_SIGN_STYLE = Automatic;
				DEVELOPMENT_TEAM = 73CD6LSN38;
				INFOPLIST_FILE = block/Info.plist;
				LD_RUNPATH_SEARCH_PATHS = (
					"$(inherited)",
					"@executable_path/Frameworks",
				);
				PRODUCT_BUNDLE_IDENTIFIER = com.kinken.block;
				PRODUCT_NAME = "$(TARGET_NAME)";
				TARGETED_DEVICE_FAMILY = "1,2";
			};
			name = Release;
		};
/* End XCBuildConfiguration section */

/* Begin XCConfigurationList section */
		6053C39A2499EF6500E3087D /* Build configuration list for PBXProject "block" */ = {
			isa = XCConfigurationList;
			buildConfigurations = (
				6053C3B62499EF6900E3087D /* Debug */,
				6053C3B72499EF6900E3087D /* Release */,
			);
			defaultConfigurationIsVisible = 0;
			defaultConfigurationName = Release;
		};
		6053C3B82499EF6900E3087D /* Build configuration list for PBXNativeTarget "block" */ = {
			isa = XCConfigurationList;
			buildConfigurations = (
				6053C3B92499EF6900E3087D /* Debug */,
				6053C3BA2499EF6900E3087D /* Release */,
			);
			defaultConfigurationIsVisible = 0;
			defaultConfigurationName = Release;
		};
/* End XCConfigurationList section */
	};
	rootObject = 6053C3972499EF6500E3087D /* Project object */;
}
